// !$*UTF8*$!
{
	archiveVersion = 1;
	classes = {
	};
	objectVersion = 56;
	objects = {

/* Begin PBXBuildFile section */
		261236482B6224F30054A6DD /* AppDelegate.swift in Sources */ = {isa = PBXBuildFile; fileRef = 261236472B6224F30054A6DD /* AppDelegate.swift */; };
		2612364A2B6224F30054A6DD /* SceneDelegate.swift in Sources */ = {isa = PBXBuildFile; fileRef = 261236492B6224F30054A6DD /* SceneDelegate.swift */; };
		2612364C2B6224F30054A6DD /* ChecklistViewController.swift in Sources */ = {isa = PBXBuildFile; fileRef = 2612364B2B6224F30054A6DD /* ChecklistViewController.swift */; };
		2612364F2B6224F30054A6DD /* Main.storyboard in Resources */ = {isa = PBXBuildFile; fileRef = 2612364D2B6224F30054A6DD /* Main.storyboard */; };
		261236512B6224F60054A6DD /* Assets.xcassets in Resources */ = {isa = PBXBuildFile; fileRef = 261236502B6224F60054A6DD /* Assets.xcassets */; };
		2612365C2B638A3D0054A6DD /* ChecklistItem.swift in Sources */ = {isa = PBXBuildFile; fileRef = 2612365B2B638A3D0054A6DD /* ChecklistItem.swift */; };
		2612365E2B643A720054A6DD /* ItemDetailViewController.swift in Sources */ = {isa = PBXBuildFile; fileRef = 2612365D2B643A720054A6DD /* ItemDetailViewController.swift */; };
		262E389C2B6B7D90009BACCF /* IconPickerViewController.swift in Sources */ = {isa = PBXBuildFile; fileRef = 262E389B2B6B7D90009BACCF /* IconPickerViewController.swift */; };
		2632B08F2B6B3B3800EE5F82 /* DataModel.swift in Sources */ = {isa = PBXBuildFile; fileRef = 2632B08E2B6B3B3800EE5F82 /* DataModel.swift */; };
		266007B22B69E10F0008C238 /* AllListsViewController.swift in Sources */ = {isa = PBXBuildFile; fileRef = 266007B12B69E10F0008C238 /* AllListsViewController.swift */; };
		266007B42B69F85E0008C238 /* Checklist.swift in Sources */ = {isa = PBXBuildFile; fileRef = 266007B32B69F85E0008C238 /* Checklist.swift */; };
		266007B62B6A0E3F0008C238 /* ListDetailViewController.swift in Sources */ = {isa = PBXBuildFile; fileRef = 266007B52B6A0E3F0008C238 /* ListDetailViewController.swift */; };
/* End PBXBuildFile section */

/* Begin PBXFileReference section */
		261236442B6224F30054A6DD /* Checklists.app */ = {isa = PBXFileReference; explicitFileType = wrapper.application; includeInIndex = 0; path = Checklists.app; sourceTree = BUILT_PRODUCTS_DIR; };
		261236472B6224F30054A6DD /* AppDelegate.swift */ = {isa = PBXFileReference; lastKnownFileType = sourcecode.swift; path = AppDelegate.swift; sourceTree = "<group>"; };
		261236492B6224F30054A6DD /* SceneDelegate.swift */ = {isa = PBXFileReference; lastKnownFileType = sourcecode.swift; path = SceneDelegate.swift; sourceTree = "<group>"; };
		2612364B2B6224F30054A6DD /* ChecklistViewController.swift */ = {isa = PBXFileReference; lastKnownFileType = sourcecode.swift; path = ChecklistViewController.swift; sourceTree = "<group>"; };
		2612364E2B6224F30054A6DD /* Base */ = {isa = PBXFileReference; lastKnownFileType = file.storyboard; name = Base; path = Base.lproj/Main.storyboard; sourceTree = "<group>"; };
		261236502B6224F60054A6DD /* Assets.xcassets */ = {isa = PBXFileReference; lastKnownFileType = folder.assetcatalog; path = Assets.xcassets; sourceTree = "<group>"; };
		261236552B6224F60054A6DD /* Info.plist */ = {isa = PBXFileReference; lastKnownFileType = text.plist.xml; path = Info.plist; sourceTree = "<group>"; };
		2612365B2B638A3D0054A6DD /* ChecklistItem.swift */ = {isa = PBXFileReference; lastKnownFileType = sourcecode.swift; path = ChecklistItem.swift; sourceTree = "<group>"; };
		2612365D2B643A720054A6DD /* ItemDetailViewController.swift */ = {isa = PBXFileReference; lastKnownFileType = sourcecode.swift; path = ItemDetailViewController.swift; sourceTree = "<group>"; };
		262E389B2B6B7D90009BACCF /* IconPickerViewController.swift */ = {isa = PBXFileReference; lastKnownFileType = sourcecode.swift; path = IconPickerViewController.swift; sourceTree = "<group>"; };
		2632B08E2B6B3B3800EE5F82 /* DataModel.swift */ = {isa = PBXFileReference; lastKnownFileType = sourcecode.swift; path = DataModel.swift; sourceTree = "<group>"; };
		266007B12B69E10F0008C238 /* AllListsViewController.swift */ = {isa = PBXFileReference; lastKnownFileType = sourcecode.swift; path = AllListsViewController.swift; sourceTree = "<group>"; };
		266007B32B69F85E0008C238 /* Checklist.swift */ = {isa = PBXFileReference; lastKnownFileType = sourcecode.swift; path = Checklist.swift; sourceTree = "<group>"; };
		266007B52B6A0E3F0008C238 /* ListDetailViewController.swift */ = {isa = PBXFileReference; lastKnownFileType = sourcecode.swift; path = ListDetailViewController.swift; sourceTree = "<group>"; };
/* End PBXFileReference section */

/* Begin PBXFrameworksBuildPhase section */
		261236412B6224F30054A6DD /* Frameworks */ = {
			isa = PBXFrameworksBuildPhase;
			buildActionMask = 2147483647;
			files = (
			);
			runOnlyForDeploymentPostprocessing = 0;
		};
/* End PBXFrameworksBuildPhase section */

/* Begin PBXGroup section */
		2612363B2B6224F30054A6DD = {
			isa = PBXGroup;
			children = (
				261236462B6224F30054A6DD /* Checklists */,
				261236452B6224F30054A6DD /* Products */,
			);
			sourceTree = "<group>";
		};
		261236452B6224F30054A6DD /* Products */ = {
			isa = PBXGroup;
			children = (
				261236442B6224F30054A6DD /* Checklists.app */,
			);
			name = Products;
			sourceTree = "<group>";
		};
		261236462B6224F30054A6DD /* Checklists */ = {
			isa = PBXGroup;
			children = (
				2632B0902B6B4E4800EE5F82 /* Data Model */,
				2632B0912B6B4E5500EE5F82 /* View Controllers */,
				2632B0922B6B4E6800EE5F82 /* Resources */,
				261236472B6224F30054A6DD /* AppDelegate.swift */,
				261236552B6224F60054A6DD /* Info.plist */,
				261236492B6224F30054A6DD /* SceneDelegate.swift */,
			);
			path = Checklists;
			sourceTree = "<group>";
		};
		2632B0902B6B4E4800EE5F82 /* Data Model */ = {
			isa = PBXGroup;
			children = (
				266007B32B69F85E0008C238 /* Checklist.swift */,
				2612365B2B638A3D0054A6DD /* ChecklistItem.swift */,
				2632B08E2B6B3B3800EE5F82 /* DataModel.swift */,
			);
			path = "Data Model";
			sourceTree = "<group>";
		};
		2632B0912B6B4E5500EE5F82 /* View Controllers */ = {
			isa = PBXGroup;
			children = (
				266007B12B69E10F0008C238 /* AllListsViewController.swift */,
				2612364B2B6224F30054A6DD /* ChecklistViewController.swift */,
				2612365D2B643A720054A6DD /* ItemDetailViewController.swift */,
				266007B52B6A0E3F0008C238 /* ListDetailViewController.swift */,
				262E389B2B6B7D90009BACCF /* IconPickerViewController.swift */,
			);
			path = "View Controllers";
			sourceTree = "<group>";
		};
		2632B0922B6B4E6800EE5F82 /* Resources */ = {
			isa = PBXGroup;
			children = (
				261236502B6224F60054A6DD /* Assets.xcassets */,
				2612364D2B6224F30054A6DD /* Main.storyboard */,
			);
			path = Resources;
			sourceTree = "<group>";
		};
/* End PBXGroup section */

/* Begin PBXNativeTarget section */
		261236432B6224F30054A6DD /* Checklists */ = {
			isa = PBXNativeTarget;
			buildConfigurationList = 261236582B6224F60054A6DD /* Build configuration list for PBXNativeTarget "Checklists" */;
			buildPhases = (
				261236402B6224F30054A6DD /* Sources */,
				261236412B6224F30054A6DD /* Frameworks */,
				261236422B6224F30054A6DD /* Resources */,
			);
			buildRules = (
			);
			dependencies = (
			);
			name = Checklists;
			productName = Checklists;
			productReference = 261236442B6224F30054A6DD /* Checklists.app */;
			productType = "com.apple.product-type.application";
		};
/* End PBXNativeTarget section */

/* Begin PBXProject section */
		2612363C2B6224F30054A6DD /* Project object */ = {
			isa = PBXProject;
			attributes = {
				BuildIndependentTargetsInParallel = 1;
				LastSwiftUpdateCheck = 1520;
				LastUpgradeCheck = 1520;
				TargetAttributes = {
					261236432B6224F30054A6DD = {
						CreatedOnToolsVersion = 15.2;
					};
				};
			};
			buildConfigurationList = 2612363F2B6224F30054A6DD /* Build configuration list for PBXProject "Checklists" */;
			compatibilityVersion = "Xcode 14.0";
			developmentRegion = en;
			hasScannedForEncodings = 0;
			knownRegions = (
				en,
				Base,
			);
			mainGroup = 2612363B2B6224F30054A6DD;
			productRefGroup = 261236452B6224F30054A6DD /* Products */;
			projectDirPath = "";
			projectRoot = "";
			targets = (
				261236432B6224F30054A6DD /* Checklists */,
			);
		};
/* End PBXProject section */

/* Begin PBXResourcesBuildPhase section */
		261236422B6224F30054A6DD /* Resources */ = {
			isa = PBXResourcesBuildPhase;
			buildActionMask = 2147483647;
			files = (
				261236512B6224F60054A6DD /* Assets.xcassets in Resources */,
				2612364F2B6224F30054A6DD /* Main.storyboard in Resources */,
			);
			runOnlyForDeploymentPostprocessing = 0;
		};
/* End PBXResourcesBuildPhase section */

/* Begin PBXSourcesBuildPhase section */
		261236402B6224F30054A6DD /* Sources */ = {
			isa = PBXSourcesBuildPhase;
			buildActionMask = 2147483647;
			files = (
				2612364C2B6224F30054A6DD /* ChecklistViewController.swift in Sources */,
				2612365E2B643A720054A6DD /* ItemDetailViewController.swift in Sources */,
				266007B22B69E10F0008C238 /* AllListsViewController.swift in Sources */,
				262E389C2B6B7D90009BACCF /* IconPickerViewController.swift in Sources */,
				261236482B6224F30054A6DD /* AppDelegate.swift in Sources */,
				2612364A2B6224F30054A6DD /* SceneDelegate.swift in Sources */,
				2612365C2B638A3D0054A6DD /* ChecklistItem.swift in Sources */,
				266007B42B69F85E0008C238 /* Checklist.swift in Sources */,
				266007B62B6A0E3F0008C238 /* ListDetailViewController.swift in Sources */,
				2632B08F2B6B3B3800EE5F82 /* DataModel.swift in Sources */,
			);
			runOnlyForDeploymentPostprocessing = 0;
		};
/* End PBXSourcesBuildPhase section */

/* Begin PBXVariantGroup section */
		2612364D2B6224F30054A6DD /* Main.storyboard */ = {
			isa = PBXVariantGroup;
			children = (
				2612364E2B6224F30054A6DD /* Base */,
			);
			name = Main.storyboard;
			sourceTree = "<group>";
		};
/* End PBXVariantGroup section */

/* Begin XCBuildConfiguration section */
		261236562B6224F60054A6DD /* Debug */ = {
			isa = XCBuildConfiguration;
			buildSettings = {
				ALWAYS_SEARCH_USER_PATHS = NO;
				ASSETCATALOG_COMPILER_GENERATE_SWIFT_ASSET_SYMBOL_EXTENSIONS = YES;
				CLANG_ANALYZER_NONNULL = YES;
				CLANG_ANALYZER_NUMBER_OBJECT_CONVERSION = YES_AGGRESSIVE;
				CLANG_CXX_LANGUAGE_STANDARD = "gnu++20";
				CLANG_ENABLE_MODULES = YES;
				CLANG_ENABLE_OBJC_ARC = YES;
				CLANG_ENABLE_OBJC_WEAK = YES;
				CLANG_WARN_BLOCK_CAPTURE_AUTORELEASING = YES;
				CLANG_WARN_BOOL_CONVERSION = YES;
				CLANG_WARN_COMMA = YES;
				CLANG_WARN_CONSTANT_CONVERSION = YES;
				CLANG_WARN_DEPRECATED_OBJC_IMPLEMENTATIONS = YES;
				CLANG_WARN_DIRECT_OBJC_ISA_USAGE = YES_ERROR;
				CLANG_WARN_DOCUMENTATION_COMMENTS = YES;
				CLANG_WARN_EMPTY_BODY = YES;
				CLANG_WARN_ENUM_CONVERSION = YES;
				CLANG_WARN_INFINITE_RECURSION = YES;
				CLANG_WARN_INT_CONVERSION = YES;
				CLANG_WARN_NON_LITERAL_NULL_CONVERSION = YES;
				CLANG_WARN_OBJC_IMPLICIT_RETAIN_SELF = YES;
				CLANG_WARN_OBJC_LITERAL_CONVERSION = YES;
				CLANG_WARN_OBJC_ROOT_CLASS = YES_ERROR;
				CLANG_WARN_QUOTED_INCLUDE_IN_FRAMEWORK_HEADER = YES;
				CLANG_WARN_RANGE_LOOP_ANALYSIS = YES;
				CLANG_WARN_STRICT_PROTOTYPES = YES;
				CLANG_WARN_SUSPICIOUS_MOVE = YES;
				CLANG_WARN_UNGUARDED_AVAILABILITY = YES_AGGRESSIVE;
				CLANG_WARN_UNREACHABLE_CODE = YES;
				CLANG_WARN__DUPLICATE_METHOD_MATCH = YES;
				COPY_PHASE_STRIP = NO;
				DEBUG_INFORMATION_FORMAT = dwarf;
				ENABLE_STRICT_OBJC_MSGSEND = YES;
				ENABLE_TESTABILITY = YES;
				ENABLE_USER_SCRIPT_SANDBOXING = YES;
				GCC_C_LANGUAGE_STANDARD = gnu17;
				GCC_DYNAMIC_NO_PIC = NO;
				GCC_NO_COMMON_BLOCKS = YES;
				GCC_OPTIMIZATION_LEVEL = 0;
				GCC_PREPROCESSOR_DEFINITIONS = (
					"DEBUG=1",
					"$(inherited)",
				);
				GCC_WARN_64_TO_32_BIT_CONVERSION = YES;
				GCC_WARN_ABOUT_RETURN_TYPE = YES_ERROR;
				GCC_WARN_UNDECLARED_SELECTOR = YES;
				GCC_WARN_UNINITIALIZED_AUTOS = YES_AGGRESSIVE;
				GCC_WARN_UNUSED_FUNCTION = YES;
				GCC_WARN_UNUSED_VARIABLE = YES;
				IPHONEOS_DEPLOYMENT_TARGET = 17.2;
				LOCALIZATION_PREFERS_STRING_CATALOGS = YES;
				MTL_ENABLE_DEBUG_INFO = INCLUDE_SOURCE;
				MTL_FAST_MATH = YES;
				ONLY_ACTIVE_ARCH = YES;
				SDKROOT = iphoneos;
				SWIFT_ACTIVE_COMPILATION_CONDITIONS = "DEBUG $(inherited)";
				SWIFT_OPTIMIZATION_LEVEL = "-Onone";
			};
			name = Debug;
		};
		261236572B6224F60054A6DD /* Release */ = {
			isa = XCBuildConfiguration;
			buildSettings = {
				ALWAYS_SEARCH_USER_PATHS = NO;
				ASSETCATALOG_COMPILER_GENERATE_SWIFT_ASSET_SYMBOL_EXTENSIONS = YES;
				CLANG_ANALYZER_NONNULL = YES;
				CLANG_ANALYZER_NUMBER_OBJECT_CONVERSION = YES_AGGRESSIVE;
				CLANG_CXX_LANGUAGE_STANDARD = "gnu++20";
				CLANG_ENABLE_MODULES = YES;
				CLANG_ENABLE_OBJC_ARC = YES;
				CLANG_ENABLE_OBJC_WEAK = YES;
				CLANG_WARN_BLOCK_CAPTURE_AUTORELEASING = YES;
				CLANG_WARN_BOOL_CONVERSION = YES;
				CLANG_WARN_COMMA = YES;
				CLANG_WARN_CONSTANT_CONVERSION = YES;
				CLANG_WARN_DEPRECATED_OBJC_IMPLEMENTATIONS = YES;
				CLANG_WARN_DIRECT_OBJC_ISA_USAGE = YES_ERROR;
				CLANG_WARN_DOCUMENTATION_COMMENTS = YES;
				CLANG_WARN_EMPTY_BODY = YES;
				CLANG_WARN_ENUM_CONVERSION = YES;
				CLANG_WARN_INFINITE_RECURSION = YES;
				CLANG_WARN_INT_CONVERSION = YES;
				CLANG_WARN_NON_LITERAL_NULL_CONVERSION = YES;
				CLANG_WARN_OBJC_IMPLICIT_RETAIN_SELF = YES;
				CLANG_WARN_OBJC_LITERAL_CONVERSION = YES;
				CLANG_WARN_OBJC_ROOT_CLASS = YES_ERROR;
				CLANG_WARN_QUOTED_INCLUDE_IN_FRAMEWORK_HEADER = YES;
				CLANG_WARN_RANGE_LOOP_ANALYSIS = YES;
				CLANG_WARN_STRICT_PROTOTYPES = YES;
				CLANG_WARN_SUSPICIOUS_MOVE = YES;
				CLANG_WARN_UNGUARDED_AVAILABILITY = YES_AGGRESSIVE;
				CLANG_WARN_UNREACHABLE_CODE = YES;
				CLANG_WARN__DUPLICATE_METHOD_MATCH = YES;
				COPY_PHASE_STRIP = NO;
				DEBUG_INFORMATION_FORMAT = "dwarf-with-dsym";
				ENABLE_NS_ASSERTIONS = NO;
				ENABLE_STRICT_OBJC_MSGSEND = YES;
				ENABLE_USER_SCRIPT_SANDBOXING = YES;
				GCC_C_LANGUAGE_STANDARD = gnu17;
				GCC_NO_COMMON_BLOCKS = YES;
				GCC_WARN_64_TO_32_BIT_CONVERSION = YES;
				GCC_WARN_ABOUT_RETURN_TYPE = YES_ERROR;
				GCC_WARN_UNDECLARED_SELECTOR = YES;
				GCC_WARN_UNINITIALIZED_AUTOS = YES_AGGRESSIVE;
				GCC_WARN_UNUSED_FUNCTION = YES;
				GCC_WARN_UNUSED_VARIABLE = YES;
				IPHONEOS_DEPLOYMENT_TARGET = 17.2;
				LOCALIZATION_PREFERS_STRING_CATALOGS = YES;
				MTL_ENABLE_DEBUG_INFO = NO;
				MTL_FAST_MATH = YES;
				SDKROOT = iphoneos;
				SWIFT_COMPILATION_MODE = wholemodule;
				VALIDATE_PRODUCT = YES;
			};
			name = Release;
		};
		261236592B6224F60054A6DD /* Debug */ = {
			isa = XCBuildConfiguration;
			buildSettings = {
				ASSETCATALOG_COMPILER_APPICON_NAME = AppIcon;
				ASSETCATALOG_COMPILER_GLOBAL_ACCENT_COLOR_NAME = AccentColor;
				CODE_SIGN_STYLE = Automatic;
				CURRENT_PROJECT_VERSION = 1;
				DEVELOPMENT_TEAM = 58BGV76QMW;
				GENERATE_INFOPLIST_FILE = YES;
				INFOPLIST_FILE = Checklists/Info.plist;
				INFOPLIST_KEY_UIApplicationSupportsIndirectInputEvents = YES;
				INFOPLIST_KEY_UILaunchStoryboardName = Main.storyboard;
				INFOPLIST_KEY_UIMainStoryboardFile = Main;
				INFOPLIST_KEY_UISupportedInterfaceOrientations = UIInterfaceOrientationPortrait;
				INFOPLIST_KEY_UISupportedInterfaceOrientations_iPad = "UIInterfaceOrientationLandscapeLeft UIInterfaceOrientationLandscapeRight UIInterfaceOrientationPortrait UIInterfaceOrientationPortraitUpsideDown";
				LD_RUNPATH_SEARCH_PATHS = (
					"$(inherited)",
					"@executable_path/Frameworks",
				);
				MARKETING_VERSION = 1.0;
				PRODUCT_BUNDLE_IDENTIFIER = Austin.Checklists;
				PRODUCT_NAME = "$(TARGET_NAME)";
				SWIFT_EMIT_LOC_STRINGS = YES;
				SWIFT_VERSION = 5.0;
				TARGETED_DEVICE_FAMILY = "1,2";
			};
			name = Debug;
		};
		2612365A2B6224F60054A6DD /* Release */ = {
			isa = XCBuildConfiguration;
			buildSettings = {
				ASSETCATALOG_COMPILER_APPICON_NAME = AppIcon;
				ASSETCATALOG_COMPILER_GLOBAL_ACCENT_COLOR_NAME = AccentColor;
				CODE_SIGN_STYLE = Automatic;
				CURRENT_PROJECT_VERSION = 1;
				DEVELOPMENT_TEAM = 58BGV76QMW;
				GENERATE_INFOPLIST_FILE = YES;
				INFOPLIST_FILE = Checklists/Info.plist;
				INFOPLIST_KEY_UIApplicationSupportsIndirectInputEvents = YES;
				INFOPLIST_KEY_UILaunchStoryboardName = Main.storyboard;
				INFOPLIST_KEY_UIMainStoryboardFile = Main;
				INFOPLIST_KEY_UISupportedInterfaceOrientations = UIInterfaceOrientationPortrait;
				INFOPLIST_KEY_UISupportedInterfaceOrientations_iPad = "UIInterfaceOrientationLandscapeLeft UIInterfaceOrientationLandscapeRight UIInterfaceOrientationPortrait UIInterfaceOrientationPortraitUpsideDown";
				LD_RUNPATH_SEARCH_PATHS = (
					"$(inherited)",
					"@executable_path/Frameworks",
				);
				MARKETING_VERSION = 1.0;
				PRODUCT_BUNDLE_IDENTIFIER = Austin.Checklists;
				PRODUCT_NAME = "$(TARGET_NAME)";
				SWIFT_EMIT_LOC_STRINGS = YES;
				SWIFT_VERSION = 5.0;
				TARGETED_DEVICE_FAMILY = "1,2";
			};
			name = Release;
		};
/* End XCBuildConfiguration section */

/* Begin XCConfigurationList section */
		2612363F2B6224F30054A6DD /* Build configuration list for PBXProject "Checklists" */ = {
			isa = XCConfigurationList;
			buildConfigurations = (
				261236562B6224F60054A6DD /* Debug */,
				261236572B6224F60054A6DD /* Release */,
			);
			defaultConfigurationIsVisible = 0;
			defaultConfigurationName = Release;
		};
		261236582B6224F60054A6DD /* Build configuration list for PBXNativeTarget "Checklists" */ = {
			isa = XCConfigurationList;
			buildConfigurations = (
				261236592B6224F60054A6DD /* Debug */,
				2612365A2B6224F60054A6DD /* Release */,
			);
			defaultConfigurationIsVisible = 0;
			defaultConfigurationName = Release;
		};
/* End XCConfigurationList section */
	};
	rootObject = 2612363C2B6224F30054A6DD /* Project object */;
}
